
Microsoft Visual Studio Solution File, Format Version 12.00
# Visual Studio Version 17
VisualStudioVersion = 17.6.33801.468
MinimumVisualStudioVersion = 10.0.40219.1
Project("{FAE04EC0-301F-11D3-BF4B-00C04F79EFBC}") = "ConsoleApp2", "ConsoleApp2.csproj", "{3B583D96-4984-4C07-9F1D-67FEAA9D9442}"
EndProject
Global
	GlobalSection(SolutionConfigurationPlatforms) = preSolution
		Debug|Any CPU = Debug|Any CPU
		Release|Any CPU = Release|Any CPU
	EndGlobalSection
	GlobalSection(ProjectConfigurationPlatforms) = postSolution
		{3B583D96-4984-4C07-9F1D-67FEAA9D9442}.Debug|Any CPU.ActiveCfg = Debug|Any CPU
		{3B583D96-4984-4C07-9F1D-67FEAA9D9442}.Debug|Any CPU.Build.0 = Debug|Any CPU
		{3B583D96-4984-4C07-9F1D-67FEAA9D9442}.Release|Any CPU.ActiveCfg = Release|Any CPU
		{3B583D96-4984-4C07-9F1D-67FEAA9D9442}.Release|Any CPU.Build.0 = Release|Any CPU
	EndGlobalSection
	GlobalSection(SolutionProperties) = preSolution
		HideSolutionNode = FALSE
	EndGlobalSection
	GlobalSection(ExtensibilityGlobals) = postSolution
		SolutionGuid = {C478708E-8B85-4455-8AA2-C7FEAED535B7}
	EndGlobalSection
EndGlobal
